
Microsoft Visual Studio Solution File, Format Version 12.00
# Visual Studio Version 16
VisualStudioVersion = 16.0.31005.135
MinimumVisualStudioVersion = 10.0.40219.1
Project("{FAE04EC0-301F-11D3-BF4B-00C04F79EFBC}") = "Jaydlc.Web", "Jaydlc.Web\Jaydlc.Web.csproj", "{75196842-6CAF-4B09-BF71-0526BB2D20CD}"
EndProject
Project("{FAE04EC0-301F-11D3-BF4B-00C04F79EFBC}") = "Jaydlc.Core", "Jaydlc.Core\Jaydlc.Core.csproj", "{94EA01C9-5554-445B-AC3B-18B2226D71AF}"
EndProject
Global
	GlobalSection(SolutionConfigurationPlatforms) = preSolution
		Debug|Any CPU = Debug|Any CPU
		Release|Any CPU = Release|Any CPU
	EndGlobalSection
	GlobalSection(ProjectConfigurationPlatforms) = postSolution
		{75196842-6CAF-4B09-BF71-0526BB2D20CD}.Debug|Any CPU.ActiveCfg = Debug|Any CPU
		{75196842-6CAF-4B09-BF71-0526BB2D20CD}.Debug|Any CPU.Build.0 = Debug|Any CPU
		{75196842-6CAF-4B09-BF71-0526BB2D20CD}.Release|Any CPU.ActiveCfg = Release|Any CPU
		{75196842-6CAF-4B09-BF71-0526BB2D20CD}.Release|Any CPU.Build.0 = Release|Any CPU
		{94EA01C9-5554-445B-AC3B-18B2226D71AF}.Debug|Any CPU.ActiveCfg = Debug|Any CPU
		{94EA01C9-5554-445B-AC3B-18B2226D71AF}.Debug|Any CPU.Build.0 = Debug|Any CPU
		{94EA01C9-5554-445B-AC3B-18B2226D71AF}.Release|Any CPU.ActiveCfg = Release|Any CPU
		{94EA01C9-5554-445B-AC3B-18B2226D71AF}.Release|Any CPU.Build.0 = Release|Any CPU
	EndGlobalSection
	GlobalSection(SolutionProperties) = preSolution
		HideSolutionNode = FALSE
	EndGlobalSection
	GlobalSection(ExtensibilityGlobals) = postSolution
		SolutionGuid = {FCF5D338-0E2A-4A25-9E67-1B992D544BED}
	EndGlobalSection
EndGlobal
